Microsoft Visual Studio Solution File, Format Version 12.00
# Visual Studio Version 17
VisualStudioVersion = 17.0.32708.398
MinimumVisualStudioVersion = 10.0.40219.1
Project("{E24C65DC-7377-472B-9ABA-BC803B73C61A}") = "ManagementSystem", "ManagementSystem.csproj", "{62C8F54F-871A-4D3A-86C4-2E3B843B3B5A}"
EndProject
Global
	GlobalSection(SolutionConfigurationPlatforms) = preSolution
		Debug|Any CPU = Debug|Any CPU
		Release|Any CPU = Release|Any CPU
	EndGlobalSection
	GlobalSection(ProjectConfigurationPlatforms) = postSolution
		{62C8F54F-871A-4D3A-86C4-2E3B843B3B5A}.Debug|Any CPU.ActiveCfg = Debug|Any CPU
		{62C8F54F-871A-4D3A-86C4-2E3B843B3B5A}.Debug|Any CPU.Build.0 = Debug|Any CPU
		{62C8F54F-871A-4D3A-86C4-2E3B843B3B5A}.Release|Any CPU.ActiveCfg = Release|Any CPU
		{62C8F54F-871A-4D3A-86C4-2E3B843B3B5A}.Release|Any CPU.Build.0 = Release|Any CPU
	EndGlobalSection
	GlobalSection(SolutionProperties) = preSolution
		HideSolutionNode = FALSE
	EndGlobalSection
EndGlobal
